// !$*UTF8*$!
{
	archiveVersion = 1;
	classes = {
	};
	objectVersion = 56;
	objects = {

/* Begin PBXBuildFile section */
		554973782AFE37B400748342 /* WishStoringViewController.swift in Sources */ = {isa = PBXBuildFile; fileRef = 554973772AFE37B400748342 /* WishStoringViewController.swift */; };
		5577B1562ACED6F00008294E /* WishMakerViewController.swift in Sources */ = {isa = PBXBuildFile; fileRef = 5577B1552ACED6F00008294E /* WishMakerViewController.swift */; };
		5577B15C2ACEE04D0008294E /* UIColorExtension.swift in Sources */ = {isa = PBXBuildFile; fileRef = 5577B15B2ACEE04D0008294E /* UIColorExtension.swift */; };
		5577B15E2ACEE06C0008294E /* Constants.swift in Sources */ = {isa = PBXBuildFile; fileRef = 5577B15D2ACEE06C0008294E /* Constants.swift */; };
		5577B1602ACEE1460008294E /* CustomSliderView.swift in Sources */ = {isa = PBXBuildFile; fileRef = 5577B15F2ACEE1460008294E /* CustomSliderView.swift */; };
		55951E532B6D935B0090B6C4 /* WishCalendarViewController.swift in Sources */ = {isa = PBXBuildFile; fileRef = 55951E522B6D935B0090B6C4 /* WishCalendarViewController.swift */; };
		55951E572B6D97200090B6C4 /* ConstCalendar.swift in Sources */ = {isa = PBXBuildFile; fileRef = 55951E562B6D97200090B6C4 /* ConstCalendar.swift */; };
		55951E592B6D9A4F0090B6C4 /* WishEventCell.swift in Sources */ = {isa = PBXBuildFile; fileRef = 55951E582B6D9A4F0090B6C4 /* WishEventCell.swift */; };
		55951E602B6D9D1F0090B6C4 /* WishEventModel.swift in Sources */ = {isa = PBXBuildFile; fileRef = 55951E5F2B6D9D1F0090B6C4 /* WishEventModel.swift */; };
		55951E622B6DAB830090B6C4 /* WishEventCreationView.swift in Sources */ = {isa = PBXBuildFile; fileRef = 55951E612B6DAB830090B6C4 /* WishEventCreationView.swift */; };
		55951E642B6DB9EF0090B6C4 /* DateExtension.swift in Sources */ = {isa = PBXBuildFile; fileRef = 55951E632B6DB9EF0090B6C4 /* DateExtension.swift */; };
		55951E662B6DC6630090B6C4 /* StringExtension.swift in Sources */ = {isa = PBXBuildFile; fileRef = 55951E652B6DC6630090B6C4 /* StringExtension.swift */; };
		559EF1CD2ACDB81F0003FE55 /* AppDelegate.swift in Sources */ = {isa = PBXBuildFile; fileRef = 559EF1CC2ACDB81F0003FE55 /* AppDelegate.swift */; };
		559EF1CF2ACDB81F0003FE55 /* SceneDelegate.swift in Sources */ = {isa = PBXBuildFile; fileRef = 559EF1CE2ACDB81F0003FE55 /* SceneDelegate.swift */; };
		559EF1D62ACDB8210003FE55 /* Assets.xcassets in Resources */ = {isa = PBXBuildFile; fileRef = 559EF1D52ACDB8210003FE55 /* Assets.xcassets */; };
		559EF1D92ACDB8210003FE55 /* LaunchScreen.storyboard in Resources */ = {isa = PBXBuildFile; fileRef = 559EF1D72ACDB8210003FE55 /* LaunchScreen.storyboard */; };
		55D0A0562AFB89B2003C7B38 /* UIViewPin.swift in Sources */ = {isa = PBXBuildFile; fileRef = 55D0A0552AFB89B2003C7B38 /* UIViewPin.swift */; };
		55D0A05A2AFB9FB2003C7B38 /* WrittenWishCell.swift in Sources */ = {isa = PBXBuildFile; fileRef = 55D0A0592AFB9FB2003C7B38 /* WrittenWishCell.swift */; };
/* End PBXBuildFile section */

/* Begin PBXFileReference section */
		554973772AFE37B400748342 /* WishStoringViewController.swift */ = {isa = PBXFileReference; lastKnownFileType = sourcecode.swift; path = WishStoringViewController.swift; sourceTree = "<group>"; };
		5577B1552ACED6F00008294E /* WishMakerViewController.swift */ = {isa = PBXFileReference; lastKnownFileType = sourcecode.swift; path = WishMakerViewController.swift; sourceTree = "<group>"; };
		5577B15B2ACEE04D0008294E /* UIColorExtension.swift */ = {isa = PBXFileReference; lastKnownFileType = sourcecode.swift; path = UIColorExtension.swift; sourceTree = "<group>"; };
		5577B15D2ACEE06C0008294E /* Constants.swift */ = {isa = PBXFileReference; lastKnownFileType = sourcecode.swift; path = Constants.swift; sourceTree = "<group>"; };
		5577B15F2ACEE1460008294E /* CustomSliderView.swift */ = {isa = PBXFileReference; lastKnownFileType = sourcecode.swift; path = CustomSliderView.swift; sourceTree = "<group>"; };
		55951E522B6D935B0090B6C4 /* WishCalendarViewController.swift */ = {isa = PBXFileReference; lastKnownFileType = sourcecode.swift; path = WishCalendarViewController.swift; sourceTree = "<group>"; };
		55951E562B6D97200090B6C4 /* ConstCalendar.swift */ = {isa = PBXFileReference; lastKnownFileType = sourcecode.swift; path = ConstCalendar.swift; sourceTree = "<group>"; };
		55951E582B6D9A4F0090B6C4 /* WishEventCell.swift */ = {isa = PBXFileReference; lastKnownFileType = sourcecode.swift; path = WishEventCell.swift; sourceTree = "<group>"; };
		55951E5F2B6D9D1F0090B6C4 /* WishEventModel.swift */ = {isa = PBXFileReference; lastKnownFileType = sourcecode.swift; path = WishEventModel.swift; sourceTree = "<group>"; };
		55951E612B6DAB830090B6C4 /* WishEventCreationView.swift */ = {isa = PBXFileReference; lastKnownFileType = sourcecode.swift; path = WishEventCreationView.swift; sourceTree = "<group>"; };
		55951E632B6DB9EF0090B6C4 /* DateExtension.swift */ = {isa = PBXFileReference; lastKnownFileType = sourcecode.swift; path = DateExtension.swift; sourceTree = "<group>"; };
		55951E652B6DC6630090B6C4 /* StringExtension.swift */ = {isa = PBXFileReference; lastKnownFileType = sourcecode.swift; path = StringExtension.swift; sourceTree = "<group>"; };
		559EF1C92ACDB81F0003FE55 /* adkhrulevaPW2.app */ = {isa = PBXFileReference; explicitFileType = wrapper.application; includeInIndex = 0; path = adkhrulevaPW2.app; sourceTree = BUILT_PRODUCTS_DIR; };
		559EF1CC2ACDB81F0003FE55 /* AppDelegate.swift */ = {isa = PBXFileReference; lastKnownFileType = sourcecode.swift; path = AppDelegate.swift; sourceTree = "<group>"; };
		559EF1CE2ACDB81F0003FE55 /* SceneDelegate.swift */ = {isa = PBXFileReference; lastKnownFileType = sourcecode.swift; path = SceneDelegate.swift; sourceTree = "<group>"; };
		559EF1D52ACDB8210003FE55 /* Assets.xcassets */ = {isa = PBXFileReference; lastKnownFileType = folder.assetcatalog; path = Assets.xcassets; sourceTree = "<group>"; };
		559EF1D82ACDB8210003FE55 /* Base */ = {isa = PBXFileReference; lastKnownFileType = file.storyboard; name = Base; path = Base.lproj/LaunchScreen.storyboard; sourceTree = "<group>"; };
		559EF1DA2ACDB8210003FE55 /* Info.plist */ = {isa = PBXFileReference; lastKnownFileType = text.plist.xml; path = Info.plist; sourceTree = "<group>"; };
		55D0A0552AFB89B2003C7B38 /* UIViewPin.swift */ = {isa = PBXFileReference; fileEncoding = 4; lastKnownFileType = sourcecode.swift; path = UIViewPin.swift; sourceTree = "<group>"; };
		55D0A0592AFB9FB2003C7B38 /* WrittenWishCell.swift */ = {isa = PBXFileReference; lastKnownFileType = sourcecode.swift; path = WrittenWishCell.swift; sourceTree = "<group>"; };
/* End PBXFileReference section */

/* Begin PBXFrameworksBuildPhase section */
		559EF1C62ACDB81F0003FE55 /* Frameworks */ = {
			isa = PBXFrameworksBuildPhase;
			buildActionMask = 2147483647;
			files = (
			);
			runOnlyForDeploymentPostprocessing = 0;
		};
/* End PBXFrameworksBuildPhase section */

/* Begin PBXGroup section */
		55951E542B6D93650090B6C4 /* VCs */ = {
			isa = PBXGroup;
			children = (
				5577B1552ACED6F00008294E /* WishMakerViewController.swift */,
				554973772AFE37B400748342 /* WishStoringViewController.swift */,
				55951E522B6D935B0090B6C4 /* WishCalendarViewController.swift */,
				55951E612B6DAB830090B6C4 /* WishEventCreationView.swift */,
			);
			path = VCs;
			sourceTree = "<group>";
		};
		55951E552B6D93810090B6C4 /* Extensions */ = {
			isa = PBXGroup;
			children = (
				55D0A0552AFB89B2003C7B38 /* UIViewPin.swift */,
				5577B15B2ACEE04D0008294E /* UIColorExtension.swift */,
				55951E632B6DB9EF0090B6C4 /* DateExtension.swift */,
				55951E652B6DC6630090B6C4 /* StringExtension.swift */,
			);
			path = Extensions;
			sourceTree = "<group>";
		};
		55951E5A2B6D9A8B0090B6C4 /* Cells */ = {
			isa = PBXGroup;
			children = (
				55D0A0592AFB9FB2003C7B38 /* WrittenWishCell.swift */,
				55951E582B6D9A4F0090B6C4 /* WishEventCell.swift */,
			);
			path = Cells;
			sourceTree = "<group>";
		};
		55951E5B2B6D9A9B0090B6C4 /* Constants */ = {
			isa = PBXGroup;
			children = (
				5577B15D2ACEE06C0008294E /* Constants.swift */,
				55951E562B6D97200090B6C4 /* ConstCalendar.swift */,
			);
			path = Constants;
			sourceTree = "<group>";
		};
		55951E5C2B6D9AB00090B6C4 /* App */ = {
			isa = PBXGroup;
			children = (
				559EF1CC2ACDB81F0003FE55 /* AppDelegate.swift */,
				559EF1CE2ACDB81F0003FE55 /* SceneDelegate.swift */,
				559EF1D52ACDB8210003FE55 /* Assets.xcassets */,
				559EF1D72ACDB8210003FE55 /* LaunchScreen.storyboard */,
			);
			path = App;
			sourceTree = "<group>";
		};
		559EF1C02ACDB81F0003FE55 = {
			isa = PBXGroup;
			children = (
				559EF1CB2ACDB81F0003FE55 /* adkhrulevaPW2 */,
				559EF1CA2ACDB81F0003FE55 /* Products */,
			);
			sourceTree = "<group>";
		};
		559EF1CA2ACDB81F0003FE55 /* Products */ = {
			isa = PBXGroup;
			children = (
				559EF1C92ACDB81F0003FE55 /* adkhrulevaPW2.app */,
			);
			name = Products;
			sourceTree = "<group>";
		};
		559EF1CB2ACDB81F0003FE55 /* adkhrulevaPW2 */ = {
			isa = PBXGroup;
			children = (
				55951E542B6D93650090B6C4 /* VCs */,
				55951E5A2B6D9A8B0090B6C4 /* Cells */,
				55951E5B2B6D9A9B0090B6C4 /* Constants */,
				5577B15F2ACEE1460008294E /* CustomSliderView.swift */,
				55951E5F2B6D9D1F0090B6C4 /* WishEventModel.swift */,
				559EF1DA2ACDB8210003FE55 /* Info.plist */,
				55951E5C2B6D9AB00090B6C4 /* App */,
				55951E552B6D93810090B6C4 /* Extensions */,
			);
			path = adkhrulevaPW2;
			sourceTree = "<group>";
		};
/* End PBXGroup section */

/* Begin PBXNativeTarget section */
		559EF1C82ACDB81F0003FE55 /* adkhrulevaPW2 */ = {
			isa = PBXNativeTarget;
			buildConfigurationList = 559EF1DD2ACDB8210003FE55 /* Build configuration list for PBXNativeTarget "adkhrulevaPW2" */;
			buildPhases = (
				559EF1C52ACDB81F0003FE55 /* Sources */,
				559EF1C62ACDB81F0003FE55 /* Frameworks */,
				559EF1C72ACDB81F0003FE55 /* Resources */,
			);
			buildRules = (
			);
			dependencies = (
			);
			name = adkhrulevaPW2;
			productName = adkhrulevaPW2;
			productReference = 559EF1C92ACDB81F0003FE55 /* adkhrulevaPW2.app */;
			productType = "com.apple.product-type.application";
		};
/* End PBXNativeTarget section */

/* Begin PBXProject section */
		559EF1C12ACDB81F0003FE55 /* Project object */ = {
			isa = PBXProject;
			attributes = {
				BuildIndependentTargetsInParallel = 1;
				LastSwiftUpdateCheck = 1500;
				LastUpgradeCheck = 1500;
				TargetAttributes = {
					559EF1C82ACDB81F0003FE55 = {
						CreatedOnToolsVersion = 15.0;
					};
				};
			};
			buildConfigurationList = 559EF1C42ACDB81F0003FE55 /* Build configuration list for PBXProject "adkhrulevaPW2" */;
			compatibilityVersion = "Xcode 14.0";
			developmentRegion = en;
			hasScannedForEncodings = 0;
			knownRegions = (
				en,
				Base,
			);
			mainGroup = 559EF1C02ACDB81F0003FE55;
			productRefGroup = 559EF1CA2ACDB81F0003FE55 /* Products */;
			projectDirPath = "";
			projectRoot = "";
			targets = (
				559EF1C82ACDB81F0003FE55 /* adkhrulevaPW2 */,
			);
		};
/* End PBXProject section */

/* Begin PBXResourcesBuildPhase section */
		559EF1C72ACDB81F0003FE55 /* Resources */ = {
			isa = PBXResourcesBuildPhase;
			buildActionMask = 2147483647;
			files = (
				559EF1D92ACDB8210003FE55 /* LaunchScreen.storyboard in Resources */,
				559EF1D62ACDB8210003FE55 /* Assets.xcassets in Resources */,
			);
			runOnlyForDeploymentPostprocessing = 0;
		};
/* End PBXResourcesBuildPhase section */

/* Begin PBXSourcesBuildPhase section */
		559EF1C52ACDB81F0003FE55 /* Sources */ = {
			isa = PBXSourcesBuildPhase;
			buildActionMask = 2147483647;
			files = (
				554973782AFE37B400748342 /* WishStoringViewController.swift in Sources */,
				55951E642B6DB9EF0090B6C4 /* DateExtension.swift in Sources */,
				55951E602B6D9D1F0090B6C4 /* WishEventModel.swift in Sources */,
				5577B1602ACEE1460008294E /* CustomSliderView.swift in Sources */,
				55951E662B6DC6630090B6C4 /* StringExtension.swift in Sources */,
				55951E572B6D97200090B6C4 /* ConstCalendar.swift in Sources */,
				55951E532B6D935B0090B6C4 /* WishCalendarViewController.swift in Sources */,
				55951E622B6DAB830090B6C4 /* WishEventCreationView.swift in Sources */,
				559EF1CD2ACDB81F0003FE55 /* AppDelegate.swift in Sources */,
				5577B1562ACED6F00008294E /* WishMakerViewController.swift in Sources */,
				55D0A05A2AFB9FB2003C7B38 /* WrittenWishCell.swift in Sources */,
				5577B15C2ACEE04D0008294E /* UIColorExtension.swift in Sources */,
				55D0A0562AFB89B2003C7B38 /* UIViewPin.swift in Sources */,
				559EF1CF2ACDB81F0003FE55 /* SceneDelegate.swift in Sources */,
				5577B15E2ACEE06C0008294E /* Constants.swift in Sources */,
				55951E592B6D9A4F0090B6C4 /* WishEventCell.swift in Sources */,
			);
			runOnlyForDeploymentPostprocessing = 0;
		};
/* End PBXSourcesBuildPhase section */

/* Begin PBXVariantGroup section */
		559EF1D72ACDB8210003FE55 /* LaunchScreen.storyboard */ = {
			isa = PBXVariantGroup;
			children = (
				559EF1D82ACDB8210003FE55 /* Base */,
			);
			name = LaunchScreen.storyboard;
			sourceTree = "<group>";
		};
/* End PBXVariantGroup section */

/* Begin XCBuildConfiguration section */
		559EF1DB2ACDB8210003FE55 /* Debug */ = {
			isa = XCBuildConfiguration;
			buildSettings = {
				ALWAYS_SEARCH_USER_PATHS = NO;
				ASSETCATALOG_COMPILER_GENERATE_SWIFT_ASSET_SYMBOL_EXTENSIONS = YES;
				CLANG_ANALYZER_NONNULL = YES;
				CLANG_ANALYZER_NUMBER_OBJECT_CONVERSION = YES_AGGRESSIVE;
				CLANG_CXX_LANGUAGE_STANDARD = "gnu++20";
				CLANG_ENABLE_MODULES = YES;
				CLANG_ENABLE_OBJC_ARC = YES;
				CLANG_ENABLE_OBJC_WEAK = YES;
				CLANG_WARN_BLOCK_CAPTURE_AUTORELEASING = YES;
				CLANG_WARN_BOOL_CONVERSION = YES;
				CLANG_WARN_COMMA = YES;
				CLANG_WARN_CONSTANT_CONVERSION = YES;
				CLANG_WARN_DEPRECATED_OBJC_IMPLEMENTATIONS = YES;
				CLANG_WARN_DIRECT_OBJC_ISA_USAGE = YES_ERROR;
				CLANG_WARN_DOCUMENTATION_COMMENTS = YES;
				CLANG_WARN_EMPTY_BODY = YES;
				CLANG_WARN_ENUM_CONVERSION = YES;
				CLANG_WARN_INFINITE_RECURSION = YES;
				CLANG_WARN_INT_CONVERSION = YES;
				CLANG_WARN_NON_LITERAL_NULL_CONVERSION = YES;
				CLANG_WARN_OBJC_IMPLICIT_RETAIN_SELF = YES;
				CLANG_WARN_OBJC_LITERAL_CONVERSION = YES;
				CLANG_WARN_OBJC_ROOT_CLASS = YES_ERROR;
				CLANG_WARN_QUOTED_INCLUDE_IN_FRAMEWORK_HEADER = YES;
				CLANG_WARN_RANGE_LOOP_ANALYSIS = YES;
				CLANG_WARN_STRICT_PROTOTYPES = YES;
				CLANG_WARN_SUSPICIOUS_MOVE = YES;
				CLANG_WARN_UNGUARDED_AVAILABILITY = YES_AGGRESSIVE;
				CLANG_WARN_UNREACHABLE_CODE = YES;
				CLANG_WARN__DUPLICATE_METHOD_MATCH = YES;
				COPY_PHASE_STRIP = NO;
				DEBUG_INFORMATION_FORMAT = dwarf;
				ENABLE_STRICT_OBJC_MSGSEND = YES;
				ENABLE_TESTABILITY = YES;
				ENABLE_USER_SCRIPT_SANDBOXING = YES;
				GCC_C_LANGUAGE_STANDARD = gnu17;
				GCC_DYNAMIC_NO_PIC = NO;
				GCC_NO_COMMON_BLOCKS = YES;
				GCC_OPTIMIZATION_LEVEL = 0;
				GCC_PREPROCESSOR_DEFINITIONS = (
					"DEBUG=1",
					"$(inherited)",
				);
				GCC_WARN_64_TO_32_BIT_CONVERSION = YES;
				GCC_WARN_ABOUT_RETURN_TYPE = YES_ERROR;
				GCC_WARN_UNDECLARED_SELECTOR = YES;
				GCC_WARN_UNINITIALIZED_AUTOS = YES_AGGRESSIVE;
				GCC_WARN_UNUSED_FUNCTION = YES;
				GCC_WARN_UNUSED_VARIABLE = YES;
				IPHONEOS_DEPLOYMENT_TARGET = 13.0;
				LOCALIZATION_PREFERS_STRING_CATALOGS = YES;
				MTL_ENABLE_DEBUG_INFO = INCLUDE_SOURCE;
				MTL_FAST_MATH = YES;
				ONLY_ACTIVE_ARCH = YES;
				SDKROOT = iphoneos;
				SWIFT_ACTIVE_COMPILATION_CONDITIONS = "DEBUG $(inherited)";
				SWIFT_OPTIMIZATION_LEVEL = "-Onone";
			};
			name = Debug;
		};
		559EF1DC2ACDB8210003FE55 /* Release */ = {
			isa = XCBuildConfiguration;
			buildSettings = {
				ALWAYS_SEARCH_USER_PATHS = NO;
				ASSETCATALOG_COMPILER_GENERATE_SWIFT_ASSET_SYMBOL_EXTENSIONS = YES;
				CLANG_ANALYZER_NONNULL = YES;
				CLANG_ANALYZER_NUMBER_OBJECT_CONVERSION = YES_AGGRESSIVE;
				CLANG_CXX_LANGUAGE_STANDARD = "gnu++20";
				CLANG_ENABLE_MODULES = YES;
				CLANG_ENABLE_OBJC_ARC = YES;
				CLANG_ENABLE_OBJC_WEAK = YES;
				CLANG_WARN_BLOCK_CAPTURE_AUTORELEASING = YES;
				CLANG_WARN_BOOL_CONVERSION = YES;
				CLANG_WARN_COMMA = YES;
				CLANG_WARN_CONSTANT_CONVERSION = YES;
				CLANG_WARN_DEPRECATED_OBJC_IMPLEMENTATIONS = YES;
				CLANG_WARN_DIRECT_OBJC_ISA_USAGE = YES_ERROR;
				CLANG_WARN_DOCUMENTATION_COMMENTS = YES;
				CLANG_WARN_EMPTY_BODY = YES;
				CLANG_WARN_ENUM_CONVERSION = YES;
				CLANG_WARN_INFINITE_RECURSION = YES;
				CLANG_WARN_INT_CONVERSION = YES;
				CLANG_WARN_NON_LITERAL_NULL_CONVERSION = YES;
				CLANG_WARN_OBJC_IMPLICIT_RETAIN_SELF = YES;
				CLANG_WARN_OBJC_LITERAL_CONVERSION = YES;
				CLANG_WARN_OBJC_ROOT_CLASS = YES_ERROR;
				CLANG_WARN_QUOTED_INCLUDE_IN_FRAMEWORK_HEADER = YES;
				CLANG_WARN_RANGE_LOOP_ANALYSIS = YES;
				CLANG_WARN_STRICT_PROTOTYPES = YES;
				CLANG_WARN_SUSPICIOUS_MOVE = YES;
				CLANG_WARN_UNGUARDED_AVAILABILITY = YES_AGGRESSIVE;
				CLANG_WARN_UNREACHABLE_CODE = YES;
				CLANG_WARN__DUPLICATE_METHOD_MATCH = YES;
				COPY_PHASE_STRIP = NO;
				DEBUG_INFORMATION_FORMAT = "dwarf-with-dsym";
				ENABLE_NS_ASSERTIONS = NO;
				ENABLE_STRICT_OBJC_MSGSEND = YES;
				ENABLE_USER_SCRIPT_SANDBOXING = YES;
				GCC_C_LANGUAGE_STANDARD = gnu17;
				GCC_NO_COMMON_BLOCKS = YES;
				GCC_WARN_64_TO_32_BIT_CONVERSION = YES;
				GCC_WARN_ABOUT_RETURN_TYPE = YES_ERROR;
				GCC_WARN_UNDECLARED_SELECTOR = YES;
				GCC_WARN_UNINITIALIZED_AUTOS = YES_AGGRESSIVE;
				GCC_WARN_UNUSED_FUNCTION = YES;
				GCC_WARN_UNUSED_VARIABLE = YES;
				IPHONEOS_DEPLOYMENT_TARGET = 13.0;
				LOCALIZATION_PREFERS_STRING_CATALOGS = YES;
				MTL_ENABLE_DEBUG_INFO = NO;
				MTL_FAST_MATH = YES;
				SDKROOT = iphoneos;
				SWIFT_COMPILATION_MODE = wholemodule;
				VALIDATE_PRODUCT = YES;
			};
			name = Release;
		};
		559EF1DE2ACDB8210003FE55 /* Debug */ = {
			isa = XCBuildConfiguration;
			buildSettings = {
				ASSETCATALOG_COMPILER_APPICON_NAME = AppIcon;
				ASSETCATALOG_COMPILER_GLOBAL_ACCENT_COLOR_NAME = AccentColor;
				CODE_SIGN_STYLE = Automatic;
				CURRENT_PROJECT_VERSION = 2;
				DEVELOPMENT_TEAM = 8FRM8M93L5;
				GENERATE_INFOPLIST_FILE = YES;
				INFOPLIST_FILE = adkhrulevaPW2/Info.plist;
				INFOPLIST_KEY_UIApplicationSupportsIndirectInputEvents = YES;
				INFOPLIST_KEY_UILaunchStoryboardName = LaunchScreen;
				INFOPLIST_KEY_UISupportedInterfaceOrientations_iPad = "UIInterfaceOrientationPortrait UIInterfaceOrientationPortraitUpsideDown UIInterfaceOrientationLandscapeLeft UIInterfaceOrientationLandscapeRight";
				INFOPLIST_KEY_UISupportedInterfaceOrientations_iPhone = "UIInterfaceOrientationPortrait UIInterfaceOrientationLandscapeLeft UIInterfaceOrientationLandscapeRight";
				IPHONEOS_DEPLOYMENT_TARGET = 13.0;
				LD_RUNPATH_SEARCH_PATHS = (
					"$(inherited)",
					"@executable_path/Frameworks",
				);
				MARKETING_VERSION = 1.0;
				PRODUCT_BUNDLE_IDENTIFIER = site.aleksa.adkhrulevaPW2;
				PRODUCT_NAME = "$(TARGET_NAME)";
				SWIFT_EMIT_LOC_STRINGS = YES;
				SWIFT_VERSION = 5.0;
				TARGETED_DEVICE_FAMILY = "1,2";
			};
			name = Debug;
		};
		559EF1DF2ACDB8210003FE55 /* Release */ = {
			isa = XCBuildConfiguration;
			buildSettings = {
				ASSETCATALOG_COMPILER_APPICON_NAME = AppIcon;
				ASSETCATALOG_COMPILER_GLOBAL_ACCENT_COLOR_NAME = AccentColor;
				CODE_SIGN_STYLE = Automatic;
				CURRENT_PROJECT_VERSION = 2;
				DEVELOPMENT_TEAM = 8FRM8M93L5;
				GENERATE_INFOPLIST_FILE = YES;
				INFOPLIST_FILE = adkhrulevaPW2/Info.plist;
				INFOPLIST_KEY_UIApplicationSupportsIndirectInputEvents = YES;
				INFOPLIST_KEY_UILaunchStoryboardName = LaunchScreen;
				INFOPLIST_KEY_UISupportedInterfaceOrientations_iPad = "UIInterfaceOrientationPortrait UIInterfaceOrientationPortraitUpsideDown UIInterfaceOrientationLandscapeLeft UIInterfaceOrientationLandscapeRight";
				INFOPLIST_KEY_UISupportedInterfaceOrientations_iPhone = "UIInterfaceOrientationPortrait UIInterfaceOrientationLandscapeLeft UIInterfaceOrientationLandscapeRight";
				IPHONEOS_DEPLOYMENT_TARGET = 13.0;
				LD_RUNPATH_SEARCH_PATHS = (
					"$(inherited)",
					"@executable_path/Frameworks",
				);
				MARKETING_VERSION = 1.0;
				PRODUCT_BUNDLE_IDENTIFIER = site.aleksa.adkhrulevaPW2;
				PRODUCT_NAME = "$(TARGET_NAME)";
				SWIFT_EMIT_LOC_STRINGS = YES;
				SWIFT_VERSION = 5.0;
				TARGETED_DEVICE_FAMILY = "1,2";
			};
			name = Release;
		};
/* End XCBuildConfiguration section */

/* Begin XCConfigurationList section */
		559EF1C42ACDB81F0003FE55 /* Build configuration list for PBXProject "adkhrulevaPW2" */ = {
			isa = XCConfigurationList;
			buildConfigurations = (
				559EF1DB2ACDB8210003FE55 /* Debug */,
				559EF1DC2ACDB8210003FE55 /* Release */,
			);
			defaultConfigurationIsVisible = 0;
			defaultConfigurationName = Release;
		};
		559EF1DD2ACDB8210003FE55 /* Build configuration list for PBXNativeTarget "adkhrulevaPW2" */ = {
			isa = XCConfigurationList;
			buildConfigurations = (
				559EF1DE2ACDB8210003FE55 /* Debug */,
				559EF1DF2ACDB8210003FE55 /* Release */,
			);
			defaultConfigurationIsVisible = 0;
			defaultConfigurationName = Release;
		};
/* End XCConfigurationList section */
	};
	rootObject = 559EF1C12ACDB81F0003FE55 /* Project object */;
}
